// !$*UTF8*$!
{
	archiveVersion = 1;
	classes = {
	};
	objectVersion = 46;
	objects = {

/* Begin PBXBuildFile section */
		D7628C311C0EEE43006A177E /* AppDelegate.swift in Sources */ = {isa = PBXBuildFile; fileRef = D7628C301C0EEE43006A177E /* AppDelegate.swift */; };
		D7628C331C0EEE43006A177E /* ViewController.swift in Sources */ = {isa = PBXBuildFile; fileRef = D7628C321C0EEE43006A177E /* ViewController.swift */; };
		D7628C361C0EEE43006A177E /* Main.storyboard in Resources */ = {isa = PBXBuildFile; fileRef = D7628C341C0EEE43006A177E /* Main.storyboard */; };
		D7628C381C0EEE43006A177E /* Assets.xcassets in Resources */ = {isa = PBXBuildFile; fileRef = D7628C371C0EEE43006A177E /* Assets.xcassets */; };
		D7628C3B1C0EEE43006A177E /* LaunchScreen.storyboard in Resources */ = {isa = PBXBuildFile; fileRef = D7628C391C0EEE43006A177E /* LaunchScreen.storyboard */; };
		D7628C461C0EEE43006A177E /* git_testTests.swift in Sources */ = {isa = PBXBuildFile; fileRef = D7628C451C0EEE43006A177E /* git_testTests.swift */; };
		D7628C511C0EEE43006A177E /* git_testUITests.swift in Sources */ = {isa = PBXBuildFile; fileRef = D7628C501C0EEE43006A177E /* git_testUITests.swift */; };
/* End PBXBuildFile section */

/* Begin PBXContainerItemProxy section */
		D7628C421C0EEE43006A177E /* PBXContainerItemProxy */ = {
			isa = PBXContainerItemProxy;
			containerPortal = D7628C251C0EEE43006A177E /* Project object */;
			proxyType = 1;
			remoteGlobalIDString = D7628C2C1C0EEE43006A177E;
			remoteInfo = git_test;
		};
		D7628C4D1C0EEE43006A177E /* PBXContainerItemProxy */ = {
			isa = PBXContainerItemProxy;
			containerPortal = D7628C251C0EEE43006A177E /* Project object */;
			proxyType = 1;
			remoteGlobalIDString = D7628C2C1C0EEE43006A177E;
			remoteInfo = git_test;
		};
/* End PBXContainerItemProxy section */

/* Begin PBXFileReference section */
		D7628C2D1C0EEE43006A177E /* git_test.app */ = {isa = PBXFileReference; explicitFileType = wrapper.application; includeInIndex = 0; path = git_test.app; sourceTree = BUILT_PRODUCTS_DIR; };
		D7628C301C0EEE43006A177E /* AppDelegate.swift */ = {isa = PBXFileReference; lastKnownFileType = sourcecode.swift; path = AppDelegate.swift; sourceTree = "<group>"; };
		D7628C321C0EEE43006A177E /* ViewController.swift */ = {isa = PBXFileReference; lastKnownFileType = sourcecode.swift; path = ViewController.swift; sourceTree = "<group>"; };
		D7628C351C0EEE43006A177E /* Base */ = {isa = PBXFileReference; lastKnownFileType = file.storyboard; name = Base; path = Base.lproj/Main.storyboard; sourceTree = "<group>"; };
		D7628C371C0EEE43006A177E /* Assets.xcassets */ = {isa = PBXFileReference; lastKnownFileType = folder.assetcatalog; path = Assets.xcassets; sourceTree = "<group>"; };
		D7628C3A1C0EEE43006A177E /* Base */ = {isa = PBXFileReference; lastKnownFileType = file.storyboard; name = Base; path = Base.lproj/LaunchScreen.storyboard; sourceTree = "<group>"; };
		D7628C3C1C0EEE43006A177E /* Info.plist */ = {isa = PBXFileReference; lastKnownFileType = text.plist.xml; path = Info.plist; sourceTree = "<group>"; };
		D7628C411C0EEE43006A177E /* git_testTests.xctest */ = {isa = PBXFileReference; explicitFileType = wrapper.cfbundle; includeInIndex = 0; path = git_testTests.xctest; sourceTree = BUILT_PRODUCTS_DIR; };
		D7628C451C0EEE43006A177E /* git_testTests.swift */ = {isa = PBXFileReference; lastKnownFileType = sourcecode.swift; path = git_testTests.swift; sourceTree = "<group>"; };
		D7628C471C0EEE43006A177E /* Info.plist */ = {isa = PBXFileReference; lastKnownFileType = text.plist.xml; path = Info.plist; sourceTree = "<group>"; };
		D7628C4C1C0EEE43006A177E /* git_testUITests.xctest */ = {isa = PBXFileReference; explicitFileType = wrapper.cfbundle; includeInIndex = 0; path = git_testUITests.xctest; sourceTree = BUILT_PRODUCTS_DIR; };
		D7628C501C0EEE43006A177E /* git_testUITests.swift */ = {isa = PBXFileReference; lastKnownFileType = sourcecode.swift; path = git_testUITests.swift; sourceTree = "<group>"; };
		D7628C521C0EEE43006A177E /* Info.plist */ = {isa = PBXFileReference; lastKnownFileType = text.plist.xml; path = Info.plist; sourceTree = "<group>"; };
/* End PBXFileReference section */

/* Begin PBXFrameworksBuildPhase section */
		D7628C2A1C0EEE43006A177E /* Frameworks */ = {
			isa = PBXFrameworksBuildPhase;
			buildActionMask = 2147483647;
			files = (
			);
			runOnlyForDeploymentPostprocessing = 0;
		};
		D7628C3E1C0EEE43006A177E /* Frameworks */ = {
			isa = PBXFrameworksBuildPhase;
			buildActionMask = 2147483647;
			files = (
			);
			runOnlyForDeploymentPostprocessing = 0;
		};
		D7628C491C0EEE43006A177E /* Frameworks */ = {
			isa = PBXFrameworksBuildPhase;
			buildActionMask = 2147483647;
			files = (
			);
			runOnlyForDeploymentPostprocessing = 0;
		};
/* End PBXFrameworksBuildPhase section */

/* Begin PBXGroup section */
		D7628C241C0EEE43006A177E = {
			isa = PBXGroup;
			children = (
				D7628C2F1C0EEE43006A177E /* git_test */,
				D7628C441C0EEE43006A177E /* git_testTests */,
				D7628C4F1C0EEE43006A177E /* git_testUITests */,
				D7628C2E1C0EEE43006A177E /* Products */,
			);
			sourceTree = "<group>";
		};
		D7628C2E1C0EEE43006A177E /* Products */ = {
			isa = PBXGroup;
			children = (
				D7628C2D1C0EEE43006A177E /* git_test.app */,
				D7628C411C0EEE43006A177E /* git_testTests.xctest */,
				D7628C4C1C0EEE43006A177E /* git_testUITests.xctest */,
			);
			name = Products;
			sourceTree = "<group>";
		};
		D7628C2F1C0EEE43006A177E /* git_test */ = {
			isa = PBXGroup;
			children = (
				D7628C301C0EEE43006A177E /* AppDelegate.swift */,
				D7628C321C0EEE43006A177E /* ViewController.swift */,
				D7628C341C0EEE43006A177E /* Main.storyboard */,
				D7628C371C0EEE43006A177E /* Assets.xcassets */,
				D7628C391C0EEE43006A177E /* LaunchScreen.storyboard */,
				D7628C3C1C0EEE43006A177E /* Info.plist */,
			);
			path = git_test;
			sourceTree = "<group>";
		};
		D7628C441C0EEE43006A177E /* git_testTests */ = {
			isa = PBXGroup;
			children = (
				D7628C451C0EEE43006A177E /* git_testTests.swift */,
				D7628C471C0EEE43006A177E /* Info.plist */,
			);
			path = git_testTests;
			sourceTree = "<group>";
		};
		D7628C4F1C0EEE43006A177E /* git_testUITests */ = {
			isa = PBXGroup;
			children = (
				D7628C501C0EEE43006A177E /* git_testUITests.swift */,
				D7628C521C0EEE43006A177E /* Info.plist */,
			);
			path = git_testUITests;
			sourceTree = "<group>";
		};
/* End PBXGroup section */

/* Begin PBXNativeTarget section */
		D7628C2C1C0EEE43006A177E /* git_test */ = {
			isa = PBXNativeTarget;
			buildConfigurationList = D7628C551C0EEE43006A177E /* Build configuration list for PBXNativeTarget "git_test" */;
			buildPhases = (
				D7628C291C0EEE43006A177E /* Sources */,
				D7628C2A1C0EEE43006A177E /* Frameworks */,
				D7628C2B1C0EEE43006A177E /* Resources */,
			);
			buildRules = (
			);
			dependencies = (
			);
			name = git_test;
			productName = git_test;
			productReference = D7628C2D1C0EEE43006A177E /* git_test.app */;
			productType = "com.apple.product-type.application";
		};
		D7628C401C0EEE43006A177E /* git_testTests */ = {
			isa = PBXNativeTarget;
			buildConfigurationList = D7628C581C0EEE43006A177E /* Build configuration list for PBXNativeTarget "git_testTests" */;
			buildPhases = (
				D7628C3D1C0EEE43006A177E /* Sources */,
				D7628C3E1C0EEE43006A177E /* Frameworks */,
				D7628C3F1C0EEE43006A177E /* Resources */,
			);
			buildRules = (
			);
			dependencies = (
				D7628C431C0EEE43006A177E /* PBXTargetDependency */,
			);
			name = git_testTests;
			productName = git_testTests;
			productReference = D7628C411C0EEE43006A177E /* git_testTests.xctest */;
			productType = "com.apple.product-type.bundle.unit-test";
		};
		D7628C4B1C0EEE43006A177E /* git_testUITests */ = {
			isa = PBXNativeTarget;
			buildConfigurationList = D7628C5B1C0EEE43006A177E /* Build configuration list for PBXNativeTarget "git_testUITests" */;
			buildPhases = (
				D7628C481C0EEE43006A177E /* Sources */,
				D7628C491C0EEE43006A177E /* Frameworks */,
				D7628C4A1C0EEE43006A177E /* Resources */,
			);
			buildRules = (
			);
			dependencies = (
				D7628C4E1C0EEE43006A177E /* PBXTargetDependency */,
			);
			name = git_testUITests;
			productName = git_testUITests;
			productReference = D7628C4C1C0EEE43006A177E /* git_testUITests.xctest */;
			productType = "com.apple.product-type.bundle.ui-testing";
		};
/* End PBXNativeTarget section */

/* Begin PBXProject section */
		D7628C251C0EEE43006A177E /* Project object */ = {
			isa = PBXProject;
			attributes = {
				LastSwiftUpdateCheck = 0710;
				LastUpgradeCheck = 0710;
				ORGANIZATIONNAME = "keisuke mitsumoto";
				TargetAttributes = {
					D7628C2C1C0EEE43006A177E = {
						CreatedOnToolsVersion = 7.1.1;
					};
					D7628C401C0EEE43006A177E = {
						CreatedOnToolsVersion = 7.1.1;
						TestTargetID = D7628C2C1C0EEE43006A177E;
					};
					D7628C4B1C0EEE43006A177E = {
						CreatedOnToolsVersion = 7.1.1;
						TestTargetID = D7628C2C1C0EEE43006A177E;
					};
				};
			};
			buildConfigurationList = D7628C281C0EEE43006A177E /* Build configuration list for PBXProject "git_test" */;
			compatibilityVersion = "Xcode 3.2";
			developmentRegion = English;
			hasScannedForEncodings = 0;
			knownRegions = (
				en,
				Base,
			);
			mainGroup = D7628C241C0EEE43006A177E;
			productRefGroup = D7628C2E1C0EEE43006A177E /* Products */;
			projectDirPath = "";
			projectRoot = "";
			targets = (
				D7628C2C1C0EEE43006A177E /* git_test */,
				D7628C401C0EEE43006A177E /* git_testTests */,
				D7628C4B1C0EEE43006A177E /* git_testUITests */,
			);
		};
/* End PBXProject section */

/* Begin PBXResourcesBuildPhase section */
		D7628C2B1C0EEE43006A177E /* Resources */ = {
			isa = PBXResourcesBuildPhase;
			buildActionMask = 2147483647;
			files = (
				D7628C3B1C0EEE43006A177E /* LaunchScreen.storyboard in Resources */,
				D7628C381C0EEE43006A177E /* Assets.xcassets in Resources */,
				D7628C361C0EEE43006A177E /* Main.storyboard in Resources */,
			);
			runOnlyForDeploymentPostprocessing = 0;
		};
		D7628C3F1C0EEE43006A177E /* Resources */ = {
			isa = PBXResourcesBuildPhase;
			buildActionMask = 2147483647;
			files = (
			);
			runOnlyForDeploymentPostprocessing = 0;
		};
		D7628C4A1C0EEE43006A177E /* Resources */ = {
			isa = PBXResourcesBuildPhase;
			buildActionMask = 2147483647;
			files = (
			);
			runOnlyForDeploymentPostprocessing = 0;
		};
/* End PBXResourcesBuildPhase section */

/* Begin PBXSourcesBuildPhase section */
		D7628C291C0EEE43006A177E /* Sources */ = {
			isa = PBXSourcesBuildPhase;
			buildActionMask = 2147483647;
			files = (
				D7628C331C0EEE43006A177E /* ViewController.swift in Sources */,
				D7628C311C0EEE43006A177E /* AppDelegate.swift in Sources */,
			);
			runOnlyForDeploymentPostprocessing = 0;
		};
		D7628C3D1C0EEE43006A177E /* Sources */ = {
			isa = PBXSourcesBuildPhase;
			buildActionMask = 2147483647;
			files = (
				D7628C461C0EEE43006A177E /* git_testTests.swift in Sources */,
			);
			runOnlyForDeploymentPostprocessing = 0;
		};
		D7628C481C0EEE43006A177E /* Sources */ = {
			isa = PBXSourcesBuildPhase;
			buildActionMask = 2147483647;
			files = (
				D7628C511C0EEE43006A177E /* git_testUITests.swift in Sources */,
			);
			runOnlyForDeploymentPostprocessing = 0;
		};
/* End PBXSourcesBuildPhase section */

/* Begin PBXTargetDependency section */
		D7628C431C0EEE43006A177E /* PBXTargetDependency */ = {
			isa = PBXTargetDependency;
			target = D7628C2C1C0EEE43006A177E /* git_test */;
			targetProxy = D7628C421C0EEE43006A177E /* PBXContainerItemProxy */;
		};
		D7628C4E1C0EEE43006A177E /* PBXTargetDependency */ = {
			isa = PBXTargetDependency;
			target = D7628C2C1C0EEE43006A177E /* git_test */;
			targetProxy = D7628C4D1C0EEE43006A177E /* PBXContainerItemProxy */;
		};
/* End PBXTargetDependency section */

/* Begin PBXVariantGroup section */
		D7628C341C0EEE43006A177E /* Main.storyboard */ = {
			isa = PBXVariantGroup;
			children = (
				D7628C351C0EEE43006A177E /* Base */,
			);
			name = Main.storyboard;
			sourceTree = "<group>";
		};
		D7628C391C0EEE43006A177E /* LaunchScreen.storyboard */ = {
			isa = PBXVariantGroup;
			children = (
				D7628C3A1C0EEE43006A177E /* Base */,
			);
			name = LaunchScreen.storyboard;
			sourceTree = "<group>";
		};
/* End PBXVariantGroup section */

/* Begin XCBuildConfiguration section */
		D7628C531C0EEE43006A177E /* Debug */ = {
			isa = XCBuildConfiguration;
			buildSettings = {
				ALWAYS_SEARCH_USER_PATHS = NO;
				CLANG_CXX_LANGUAGE_STANDARD = "gnu++0x";
				CLANG_CXX_LIBRARY = "libc++";
				CLANG_ENABLE_MODULES = YES;
				CLANG_ENABLE_OBJC_ARC = YES;
				CLANG_WARN_BOOL_CONVERSION = YES;
				CLANG_WARN_CONSTANT_CONVERSION = YES;
				CLANG_WARN_DIRECT_OBJC_ISA_USAGE = YES_ERROR;
				CLANG_WARN_EMPTY_BODY = YES;
				CLANG_WARN_ENUM_CONVERSION = YES;
				CLANG_WARN_INT_CONVERSION = YES;
				CLANG_WARN_OBJC_ROOT_CLASS = YES_ERROR;
				CLANG_WARN_UNREACHABLE_CODE = YES;
				CLANG_WARN__DUPLICATE_METHOD_MATCH = YES;
				"CODE_SIGN_IDENTITY[sdk=iphoneos*]" = "iPhone Developer";
				COPY_PHASE_STRIP = NO;
				DEBUG_INFORMATION_FORMAT = dwarf;
				ENABLE_STRICT_OBJC_MSGSEND = YES;
				ENABLE_TESTABILITY = YES;
				GCC_C_LANGUAGE_STANDARD = gnu99;
				GCC_DYNAMIC_NO_PIC = NO;
				GCC_NO_COMMON_BLOCKS = YES;
				GCC_OPTIMIZATION_LEVEL = 0;
				GCC_PREPROCESSOR_DEFINITIONS = (
					"DEBUG=1",
					"$(inherited)",
				);
				GCC_WARN_64_TO_32_BIT_CONVERSION = YES;
				GCC_WARN_ABOUT_RETURN_TYPE = YES_ERROR;
				GCC_WARN_UNDECLARED_SELECTOR = YES;
				GCC_WARN_UNINITIALIZED_AUTOS = YES_AGGRESSIVE;
				GCC_WARN_UNUSED_FUNCTION = YES;
				GCC_WARN_UNUSED_VARIABLE = YES;
				IPHONEOS_DEPLOYMENT_TARGET = 9.1;
				MTL_ENABLE_DEBUG_INFO = YES;
				ONLY_ACTIVE_ARCH = YES;
				SDKROOT = iphoneos;
				SWIFT_OPTIMIZATION_LEVEL = "-Onone";
			};
			name = Debug;
		};
		D7628C541C0EEE43006A177E /* Release */ = {
			isa = XCBuildConfiguration;
			buildSettings = {
				ALWAYS_SEARCH_USER_PATHS = NO;
				CLANG_CXX_LANGUAGE_STANDARD = "gnu++0x";
				CLANG_CXX_LIBRARY = "libc++";
				CLANG_ENABLE_MODULES = YES;
				CLANG_ENABLE_OBJC_ARC = YES;
				CLANG_WARN_BOOL_CONVERSION = YES;
				CLANG_WARN_CONSTANT_CONVERSION = YES;
				CLANG_WARN_DIRECT_OBJC_ISA_USAGE = YES_ERROR;
				CLANG_WARN_EMPTY_BODY = YES;
				CLANG_WARN_ENUM_CONVERSION = YES;
				CLANG_WARN_INT_CONVERSION = YES;
				CLANG_WARN_OBJC_ROOT_CLASS = YES_ERROR;
				CLANG_WARN_UNREACHABLE_CODE = YES;
				CLANG_WARN__DUPLICATE_METHOD_MATCH = YES;
				"CODE_SIGN_IDENTITY[sdk=iphoneos*]" = "iPhone Developer";
				COPY_PHASE_STRIP = NO;
				DEBUG_INFORMATION_FORMAT = "dwarf-with-dsym";
				ENABLE_NS_ASSERTIONS = NO;
				ENABLE_STRICT_OBJC_MSGSEND = YES;
				GCC_C_LANGUAGE_STANDARD = gnu99;
				GCC_NO_COMMON_BLOCKS = YES;
				GCC_WARN_64_TO_32_BIT_CONVERSION = YES;
				GCC_WARN_ABOUT_RETURN_TYPE = YES_ERROR;
				GCC_WARN_UNDECLARED_SELECTOR = YES;
				GCC_WARN_UNINITIALIZED_AUTOS = YES_AGGRESSIVE;
				GCC_WARN_UNUSED_FUNCTION = YES;
				GCC_WARN_UNUSED_VARIABLE = YES;
				IPHONEOS_DEPLOYMENT_TARGET = 9.1;
				MTL_ENABLE_DEBUG_INFO = NO;
				SDKROOT = iphoneos;
				VALIDATE_PRODUCT = YES;
			};
			name = Release;
		};
		D7628C561C0EEE43006A177E /* Debug */ = {
			isa = XCBuildConfiguration;
			buildSettings = {
				ASSETCATALOG_COMPILER_APPICON_NAME = AppIcon;
				INFOPLIST_FILE = git_test/Info.plist;
				LD_RUNPATH_SEARCH_PATHS = "$(inherited) @executable_path/Frameworks";
				PRODUCT_BUNDLE_IDENTIFIER = "myprivate.boomboom.git-test";
				PRODUCT_NAME = "$(TARGET_NAME)";
			};
			name = Debug;
		};
		D7628C571C0EEE43006A177E /* Release */ = {
			isa = XCBuildConfiguration;
			buildSettings = {
				ASSETCATALOG_COMPILER_APPICON_NAME = AppIcon;
				INFOPLIST_FILE = git_test/Info.plist;
				LD_RUNPATH_SEARCH_PATHS = "$(inherited) @executable_path/Frameworks";
				PRODUCT_BUNDLE_IDENTIFIER = "myprivate.boomboom.git-test";
				PRODUCT_NAME = "$(TARGET_NAME)";
			};
			name = Release;
		};
		D7628C591C0EEE43006A177E /* Debug */ = {
			isa = XCBuildConfiguration;
			buildSettings = {
				BUNDLE_LOADER = "$(TEST_HOST)";
				INFOPLIST_FILE = git_testTests/Info.plist;
				LD_RUNPATH_SEARCH_PATHS = "$(inherited) @executable_path/Frameworks @loader_path/Frameworks";
				PRODUCT_BUNDLE_IDENTIFIER = "myprivate.boomboom.git-testTests";
				PRODUCT_NAME = "$(TARGET_NAME)";
				TEST_HOST = "$(BUILT_PRODUCTS_DIR)/git_test.app/git_test";
			};
			name = Debug;
		};
		D7628C5A1C0EEE43006A177E /* Release */ = {
			isa = XCBuildConfiguration;
			buildSettings = {
				BUNDLE_LOADER = "$(TEST_HOST)";
				INFOPLIST_FILE = git_testTests/Info.plist;
				LD_RUNPATH_SEARCH_PATHS = "$(inherited) @executable_path/Frameworks @loader_path/Frameworks";
				PRODUCT_BUNDLE_IDENTIFIER = "myprivate.boomboom.git-testTests";
				PRODUCT_NAME = "$(TARGET_NAME)";
				TEST_HOST = "$(BUILT_PRODUCTS_DIR)/git_test.app/git_test";
			};
			name = Release;
		};
		D7628C5C1C0EEE43006A177E /* Debug */ = {
			isa = XCBuildConfiguration;
			buildSettings = {
				INFOPLIST_FILE = git_testUITests/Info.plist;
				LD_RUNPATH_SEARCH_PATHS = "$(inherited) @executable_path/Frameworks @loader_path/Frameworks";
				PRODUCT_BUNDLE_IDENTIFIER = "myprivate.boomboom.git-testUITests";
				PRODUCT_NAME = "$(TARGET_NAME)";
				TEST_TARGET_NAME = git_test;
				USES_XCTRUNNER = YES;
			};
			name = Debug;
		};
		D7628C5D1C0EEE43006A177E /* Release */ = {
			isa = XCBuildConfiguration;
			buildSettings = {
				INFOPLIST_FILE = git_testUITests/Info.plist;
				LD_RUNPATH_SEARCH_PATHS = "$(inherited) @executable_path/Frameworks @loader_path/Frameworks";
				PRODUCT_BUNDLE_IDENTIFIER = "myprivate.boomboom.git-testUITests";
				PRODUCT_NAME = "$(TARGET_NAME)";
				TEST_TARGET_NAME = git_test;
				USES_XCTRUNNER = YES;
			};
			name = Release;
		};
/* End XCBuildConfiguration section */

/* Begin XCConfigurationList section */
		D7628C281C0EEE43006A177E /* Build configuration list for PBXProject "git_test" */ = {
			isa = XCConfigurationList;
			buildConfigurations = (
				D7628C531C0EEE43006A177E /* Debug */,
				D7628C541C0EEE43006A177E /* Release */,
			);
			defaultConfigurationIsVisible = 0;
			defaultConfigurationName = Release;
		};
		D7628C551C0EEE43006A177E /* Build configuration list for PBXNativeTarget "git_test" */ = {
			isa = XCConfigurationList;
			buildConfigurations = (
				D7628C561C0EEE43006A177E /* Debug */,
				D7628C571C0EEE43006A177E /* Release */,
			);
			defaultConfigurationIsVisible = 0;
		};
		D7628C581C0EEE43006A177E /* Build configuration list for PBXNativeTarget "git_testTests" */ = {
			isa = XCConfigurationList;
			buildConfigurations = (
				D7628C591C0EEE43006A177E /* Debug */,
				D7628C5A1C0EEE43006A177E /* Release */,
			);
			defaultConfigurationIsVisible = 0;
		};
		D7628C5B1C0EEE43006A177E /* Build configuration list for PBXNativeTarget "git_testUITests" */ = {
			isa = XCConfigurationList;
			buildConfigurations = (
				D7628C5C1C0EEE43006A177E /* Debug */,
				D7628C5D1C0EEE43006A177E /* Release */,
			);
			defaultConfigurationIsVisible = 0;
		};
/* End XCConfigurationList section */
	};
	rootObject = D7628C251C0EEE43006A177E /* Project object */;
}
